
Microsoft Visual Studio Solution File, Format Version 12.00
# Visual Studio Version 16
VisualStudioVersion = 16.0.28729.10
MinimumVisualStudioVersion = 10.0.40219.1
Project("{2150E333-8FDC-42A3-9474-1A3956D46DE8}") = "CBV.Core", "CBV.Core", "{20231EA9-4008-4B27-837C-0A8E1CBBF7FB}"
EndProject
Project("{2150E333-8FDC-42A3-9474-1A3956D46DE8}") = "CBV.Infra", "CBV.Infra", "{F11EA6D0-9A95-45EF-9B2F-7073AAEF3C1D}"
EndProject
Project("{2150E333-8FDC-42A3-9474-1A3956D46DE8}") = "CBV.Integration", "CBV.Integration", "{A1C0DAE1-D066-4994-8B4D-24788F14B857}"
EndProject
Project("{2150E333-8FDC-42A3-9474-1A3956D46DE8}") = "CBV.Tests", "CBV.Tests", "{A60F6BA1-A550-4523-8EAB-2CF2C824B2D5}"
EndProject
Project("{2150E333-8FDC-42A3-9474-1A3956D46DE8}") = "CBV.Shared", "CBV.Shared", "{F2DD478D-B656-4BCE-A216-A798F2551D88}"
EndProject
Project("{FAE04EC0-301F-11D3-BF4B-00C04F79EFBC}") = "CBV.Core.Application", "CBV.Core.Application\CBV.Core.Application.csproj", "{9ADB2FE6-704F-4495-87E2-43D8E4957BB7}"
EndProject
Project("{FAE04EC0-301F-11D3-BF4B-00C04F79EFBC}") = "CBV.Core.Domain", "CBV.Core.Domain\CBV.Core.Domain.csproj", "{B45A516C-4400-4C69-B59A-C903FC2A60E2}"
EndProject
Project("{FAE04EC0-301F-11D3-BF4B-00C04F79EFBC}") = "CBV.Integration.Api", "CBV.Integration.Api\CBV.Integration.Api.csproj", "{13E65A79-A4E4-4C10-A8E9-FDFA69BCAF42}"
EndProject
Project("{FAE04EC0-301F-11D3-BF4B-00C04F79EFBC}") = "CBV.Infra.Spotify", "CBV.Infra.Spotify\CBV.Infra.Spotify.csproj", "{BEA1DD7D-A48E-4571-AA82-DC57BC67F047}"
EndProject
Project("{FAE04EC0-301F-11D3-BF4B-00C04F79EFBC}") = "CBV.Infra.CrossCutting.IoC", "CBV.Infra.CrossCutting.IoC\CBV.Infra.CrossCutting.IoC.csproj", "{935A3138-B681-429A-87E6-164607FB5550}"
EndProject
Project("{FAE04EC0-301F-11D3-BF4B-00C04F79EFBC}") = "CBV.Infra.Json", "CBV.Infra.Json\CBV.Infra.Json.csproj", "{C59B7BE8-2F7D-42CA-88C7-97AE25044433}"
EndProject
Project("{FAE04EC0-301F-11D3-BF4B-00C04F79EFBC}") = "CBV.Infra.Http", "CBV.Infra.Http\CBV.Infra.Http.csproj", "{1FD1798F-1737-4088-A0C3-6150495905A6}"
EndProject
Project("{FAE04EC0-301F-11D3-BF4B-00C04F79EFBC}") = "CBV.Infra.Data", "CBV.Infra.Data\CBV.Infra.Data.csproj", "{2991633F-A315-469F-9DA8-5210FC3E16D9}"
EndProject
Global
	GlobalSection(SolutionConfigurationPlatforms) = preSolution
		Debug|Any CPU = Debug|Any CPU
		Release|Any CPU = Release|Any CPU
	EndGlobalSection
	GlobalSection(ProjectConfigurationPlatforms) = postSolution
		{9ADB2FE6-704F-4495-87E2-43D8E4957BB7}.Debug|Any CPU.ActiveCfg = Debug|Any CPU
		{9ADB2FE6-704F-4495-87E2-43D8E4957BB7}.Debug|Any CPU.Build.0 = Debug|Any CPU
		{9ADB2FE6-704F-4495-87E2-43D8E4957BB7}.Release|Any CPU.ActiveCfg = Release|Any CPU
		{9ADB2FE6-704F-4495-87E2-43D8E4957BB7}.Release|Any CPU.Build.0 = Release|Any CPU
		{B45A516C-4400-4C69-B59A-C903FC2A60E2}.Debug|Any CPU.ActiveCfg = Debug|Any CPU
		{B45A516C-4400-4C69-B59A-C903FC2A60E2}.Debug|Any CPU.Build.0 = Debug|Any CPU
		{B45A516C-4400-4C69-B59A-C903FC2A60E2}.Release|Any CPU.ActiveCfg = Release|Any CPU
		{B45A516C-4400-4C69-B59A-C903FC2A60E2}.Release|Any CPU.Build.0 = Release|Any CPU
		{13E65A79-A4E4-4C10-A8E9-FDFA69BCAF42}.Debug|Any CPU.ActiveCfg = Debug|Any CPU
		{13E65A79-A4E4-4C10-A8E9-FDFA69BCAF42}.Debug|Any CPU.Build.0 = Debug|Any CPU
		{13E65A79-A4E4-4C10-A8E9-FDFA69BCAF42}.Release|Any CPU.ActiveCfg = Release|Any CPU
		{13E65A79-A4E4-4C10-A8E9-FDFA69BCAF42}.Release|Any CPU.Build.0 = Release|Any CPU
		{BEA1DD7D-A48E-4571-AA82-DC57BC67F047}.Debug|Any CPU.ActiveCfg = Debug|Any CPU
		{BEA1DD7D-A48E-4571-AA82-DC57BC67F047}.Debug|Any CPU.Build.0 = Debug|Any CPU
		{BEA1DD7D-A48E-4571-AA82-DC57BC67F047}.Release|Any CPU.ActiveCfg = Release|Any CPU
		{BEA1DD7D-A48E-4571-AA82-DC57BC67F047}.Release|Any CPU.Build.0 = Release|Any CPU
		{935A3138-B681-429A-87E6-164607FB5550}.Debug|Any CPU.ActiveCfg = Debug|Any CPU
		{935A3138-B681-429A-87E6-164607FB5550}.Debug|Any CPU.Build.0 = Debug|Any CPU
		{935A3138-B681-429A-87E6-164607FB5550}.Release|Any CPU.ActiveCfg = Release|Any CPU
		{935A3138-B681-429A-87E6-164607FB5550}.Release|Any CPU.Build.0 = Release|Any CPU
		{C59B7BE8-2F7D-42CA-88C7-97AE25044433}.Debug|Any CPU.ActiveCfg = Debug|Any CPU
		{C59B7BE8-2F7D-42CA-88C7-97AE25044433}.Debug|Any CPU.Build.0 = Debug|Any CPU
		{C59B7BE8-2F7D-42CA-88C7-97AE25044433}.Release|Any CPU.ActiveCfg = Release|Any CPU
		{C59B7BE8-2F7D-42CA-88C7-97AE25044433}.Release|Any CPU.Build.0 = Release|Any CPU
		{1FD1798F-1737-4088-A0C3-6150495905A6}.Debug|Any CPU.ActiveCfg = Debug|Any CPU
		{1FD1798F-1737-4088-A0C3-6150495905A6}.Debug|Any CPU.Build.0 = Debug|Any CPU
		{1FD1798F-1737-4088-A0C3-6150495905A6}.Release|Any CPU.ActiveCfg = Release|Any CPU
		{1FD1798F-1737-4088-A0C3-6150495905A6}.Release|Any CPU.Build.0 = Release|Any CPU
		{2991633F-A315-469F-9DA8-5210FC3E16D9}.Debug|Any CPU.ActiveCfg = Debug|Any CPU
		{2991633F-A315-469F-9DA8-5210FC3E16D9}.Debug|Any CPU.Build.0 = Debug|Any CPU
		{2991633F-A315-469F-9DA8-5210FC3E16D9}.Release|Any CPU.ActiveCfg = Release|Any CPU
		{2991633F-A315-469F-9DA8-5210FC3E16D9}.Release|Any CPU.Build.0 = Release|Any CPU
	EndGlobalSection
	GlobalSection(SolutionProperties) = preSolution
		HideSolutionNode = FALSE
	EndGlobalSection
	GlobalSection(NestedProjects) = preSolution
		{9ADB2FE6-704F-4495-87E2-43D8E4957BB7} = {20231EA9-4008-4B27-837C-0A8E1CBBF7FB}
		{B45A516C-4400-4C69-B59A-C903FC2A60E2} = {20231EA9-4008-4B27-837C-0A8E1CBBF7FB}
		{13E65A79-A4E4-4C10-A8E9-FDFA69BCAF42} = {A1C0DAE1-D066-4994-8B4D-24788F14B857}
		{BEA1DD7D-A48E-4571-AA82-DC57BC67F047} = {F11EA6D0-9A95-45EF-9B2F-7073AAEF3C1D}
		{935A3138-B681-429A-87E6-164607FB5550} = {F11EA6D0-9A95-45EF-9B2F-7073AAEF3C1D}
		{C59B7BE8-2F7D-42CA-88C7-97AE25044433} = {F11EA6D0-9A95-45EF-9B2F-7073AAEF3C1D}
		{1FD1798F-1737-4088-A0C3-6150495905A6} = {F11EA6D0-9A95-45EF-9B2F-7073AAEF3C1D}
		{2991633F-A315-469F-9DA8-5210FC3E16D9} = {F11EA6D0-9A95-45EF-9B2F-7073AAEF3C1D}
	EndGlobalSection
	GlobalSection(ExtensibilityGlobals) = postSolution
		SolutionGuid = {3F515F4F-D84E-4797-A036-C5AFBD2C7FB1}
	EndGlobalSection
EndGlobal
